// !$*UTF8*$!
{
	archiveVersion = 1;
	classes = {
	};
	objectVersion = 50;
	objects = {

/* Begin PBXBuildFile section */
		FEA5F52B2505E340007DE315 /* AppDelegate.swift in Sources */ = {isa = PBXBuildFile; fileRef = FEA5F52A2505E340007DE315 /* AppDelegate.swift */; };
		FEA5F52D2505E340007DE315 /* SceneDelegate.swift in Sources */ = {isa = PBXBuildFile; fileRef = FEA5F52C2505E340007DE315 /* SceneDelegate.swift */; };
		FEA5F52F2505E340007DE315 /* ContentView.swift in Sources */ = {isa = PBXBuildFile; fileRef = FEA5F52E2505E340007DE315 /* ContentView.swift */; };
		FEA5F5312505E342007DE315 /* Assets.xcassets in Resources */ = {isa = PBXBuildFile; fileRef = FEA5F5302505E342007DE315 /* Assets.xcassets */; };
		FEA5F5342505E342007DE315 /* Preview Assets.xcassets in Resources */ = {isa = PBXBuildFile; fileRef = FEA5F5332505E342007DE315 /* Preview Assets.xcassets */; };
		FEA5F5372505E342007DE315 /* LaunchScreen.storyboard in Resources */ = {isa = PBXBuildFile; fileRef = FEA5F5352505E342007DE315 /* LaunchScreen.storyboard */; };
		FEA5F5402505E3BF007DE315 /* Constants+API.swift in Sources */ = {isa = PBXBuildFile; fileRef = FEA5F53F2505E3BF007DE315 /* Constants+API.swift */; };
		FEA5F5462505E450007DE315 /* CountryListView.swift in Sources */ = {isa = PBXBuildFile; fileRef = FEA5F5452505E450007DE315 /* CountryListView.swift */; };
		FEA5F54A2505E513007DE315 /* Country.swift in Sources */ = {isa = PBXBuildFile; fileRef = FEA5F5492505E513007DE315 /* Country.swift */; };
		FEA5F54F2505E63F007DE315 /* NetworkAPI.swift in Sources */ = {isa = PBXBuildFile; fileRef = FEA5F54E2505E63F007DE315 /* NetworkAPI.swift */; };
		FEA5F5522505E993007DE315 /* CasesAPI.swift in Sources */ = {isa = PBXBuildFile; fileRef = FEA5F5512505E993007DE315 /* CasesAPI.swift */; };
		FEA5F5542505F109007DE315 /* CountryListViewModel.swift in Sources */ = {isa = PBXBuildFile; fileRef = FEA5F5532505F109007DE315 /* CountryListViewModel.swift */; };
		FEAA3F4E250607FB00B18DD0 /* SummaryView.swift in Sources */ = {isa = PBXBuildFile; fileRef = FEAA3F4D250607FB00B18DD0 /* SummaryView.swift */; };
		FEAA3F502506117600B18DD0 /* SummaryViewModel.swift in Sources */ = {isa = PBXBuildFile; fileRef = FEAA3F4F2506117600B18DD0 /* SummaryViewModel.swift */; };
		FEAA3F52250632F300B18DD0 /* Summary.swift in Sources */ = {isa = PBXBuildFile; fileRef = FEAA3F51250632F300B18DD0 /* Summary.swift */; };
/* End PBXBuildFile section */

/* Begin PBXFileReference section */
		FEA5F5272505E340007DE315 /* SwiftUI-API.app */ = {isa = PBXFileReference; explicitFileType = wrapper.application; includeInIndex = 0; path = "SwiftUI-API.app"; sourceTree = BUILT_PRODUCTS_DIR; };
		FEA5F52A2505E340007DE315 /* AppDelegate.swift */ = {isa = PBXFileReference; lastKnownFileType = sourcecode.swift; path = AppDelegate.swift; sourceTree = "<group>"; };
		FEA5F52C2505E340007DE315 /* SceneDelegate.swift */ = {isa = PBXFileReference; lastKnownFileType = sourcecode.swift; path = SceneDelegate.swift; sourceTree = "<group>"; };
		FEA5F52E2505E340007DE315 /* ContentView.swift */ = {isa = PBXFileReference; lastKnownFileType = sourcecode.swift; path = ContentView.swift; sourceTree = "<group>"; };
		FEA5F5302505E342007DE315 /* Assets.xcassets */ = {isa = PBXFileReference; lastKnownFileType = folder.assetcatalog; path = Assets.xcassets; sourceTree = "<group>"; };
		FEA5F5332505E342007DE315 /* Preview Assets.xcassets */ = {isa = PBXFileReference; lastKnownFileType = folder.assetcatalog; path = "Preview Assets.xcassets"; sourceTree = "<group>"; };
		FEA5F5362505E342007DE315 /* Base */ = {isa = PBXFileReference; lastKnownFileType = file.storyboard; name = Base; path = Base.lproj/LaunchScreen.storyboard; sourceTree = "<group>"; };
		FEA5F5382505E342007DE315 /* Info.plist */ = {isa = PBXFileReference; lastKnownFileType = text.plist.xml; path = Info.plist; sourceTree = "<group>"; };
		FEA5F53F2505E3BF007DE315 /* Constants+API.swift */ = {isa = PBXFileReference; lastKnownFileType = sourcecode.swift; path = "Constants+API.swift"; sourceTree = "<group>"; };
		FEA5F5452505E450007DE315 /* CountryListView.swift */ = {isa = PBXFileReference; lastKnownFileType = sourcecode.swift; path = CountryListView.swift; sourceTree = "<group>"; };
		FEA5F5492505E513007DE315 /* Country.swift */ = {isa = PBXFileReference; lastKnownFileType = sourcecode.swift; path = Country.swift; sourceTree = "<group>"; };
		FEA5F54E2505E63F007DE315 /* NetworkAPI.swift */ = {isa = PBXFileReference; lastKnownFileType = sourcecode.swift; path = NetworkAPI.swift; sourceTree = "<group>"; };
		FEA5F5512505E993007DE315 /* CasesAPI.swift */ = {isa = PBXFileReference; lastKnownFileType = sourcecode.swift; path = CasesAPI.swift; sourceTree = "<group>"; };
		FEA5F5532505F109007DE315 /* CountryListViewModel.swift */ = {isa = PBXFileReference; lastKnownFileType = sourcecode.swift; path = CountryListViewModel.swift; sourceTree = "<group>"; };
		FEAA3F4D250607FB00B18DD0 /* SummaryView.swift */ = {isa = PBXFileReference; lastKnownFileType = sourcecode.swift; path = SummaryView.swift; sourceTree = "<group>"; };
		FEAA3F4F2506117600B18DD0 /* SummaryViewModel.swift */ = {isa = PBXFileReference; lastKnownFileType = sourcecode.swift; path = SummaryViewModel.swift; sourceTree = "<group>"; };
		FEAA3F51250632F300B18DD0 /* Summary.swift */ = {isa = PBXFileReference; lastKnownFileType = sourcecode.swift; path = Summary.swift; sourceTree = "<group>"; };
/* End PBXFileReference section */

/* Begin PBXFrameworksBuildPhase section */
		FEA5F5242505E340007DE315 /* Frameworks */ = {
			isa = PBXFrameworksBuildPhase;
			buildActionMask = 2147483647;
			files = (
			);
			runOnlyForDeploymentPostprocessing = 0;
		};
/* End PBXFrameworksBuildPhase section */

/* Begin PBXGroup section */
		FEA5F51E2505E340007DE315 = {
			isa = PBXGroup;
			children = (
				FEA5F5292505E340007DE315 /* SwiftUI-API */,
				FEA5F5282505E340007DE315 /* Products */,
			);
			sourceTree = "<group>";
		};
		FEA5F5282505E340007DE315 /* Products */ = {
			isa = PBXGroup;
			children = (
				FEA5F5272505E340007DE315 /* SwiftUI-API.app */,
			);
			name = Products;
			sourceTree = "<group>";
		};
		FEA5F5292505E340007DE315 /* SwiftUI-API */ = {
			isa = PBXGroup;
			children = (
				FEA5F5502505E980007DE315 /* API */,
				FEA5F54B2505E5F0007DE315 /* Network */,
				FEA5F5482505E4C4007DE315 /* Observables */,
				FEA5F5472505E4B5007DE315 /* Objects */,
				FEA5F52A2505E340007DE315 /* AppDelegate.swift */,
				FEA5F52C2505E340007DE315 /* SceneDelegate.swift */,
				FEA5F52E2505E340007DE315 /* ContentView.swift */,
				FEA5F5422505E42A007DE315 /* Views */,
				FEA5F53E2505E383007DE315 /* Constants */,
				FEA5F5302505E342007DE315 /* Assets.xcassets */,
				FEA5F5352505E342007DE315 /* LaunchScreen.storyboard */,
				FEA5F5382505E342007DE315 /* Info.plist */,
				FEA5F5322505E342007DE315 /* Preview Content */,
			);
			path = "SwiftUI-API";
			sourceTree = "<group>";
		};
		FEA5F5322505E342007DE315 /* Preview Content */ = {
			isa = PBXGroup;
			children = (
				FEA5F5332505E342007DE315 /* Preview Assets.xcassets */,
			);
			path = "Preview Content";
			sourceTree = "<group>";
		};
		FEA5F53E2505E383007DE315 /* Constants */ = {
			isa = PBXGroup;
			children = (
				FEA5F53F2505E3BF007DE315 /* Constants+API.swift */,
			);
			path = Constants;
			sourceTree = "<group>";
		};
		FEA5F5412505E420007DE315 /* CountryList */ = {
			isa = PBXGroup;
			children = (
				FEA5F5452505E450007DE315 /* CountryListView.swift */,
				FEA5F5532505F109007DE315 /* CountryListViewModel.swift */,
			);
			path = CountryList;
			sourceTree = "<group>";
		};
		FEA5F5422505E42A007DE315 /* Views */ = {
			isa = PBXGroup;
			children = (
				FEAA3F4C2506067F00B18DD0 /* Summary */,
				FEA5F5412505E420007DE315 /* CountryList */,
			);
			path = Views;
			sourceTree = "<group>";
		};
		FEA5F5472505E4B5007DE315 /* Objects */ = {
			isa = PBXGroup;
			children = (
				FEA5F5492505E513007DE315 /* Country.swift */,
				FEAA3F51250632F300B18DD0 /* Summary.swift */,
			);
			path = Objects;
			sourceTree = "<group>";
		};
		FEA5F5482505E4C4007DE315 /* Observables */ = {
			isa = PBXGroup;
			children = (
			);
			path = Observables;
			sourceTree = "<group>";
		};
		FEA5F54B2505E5F0007DE315 /* Network */ = {
			isa = PBXGroup;
			children = (
				FEA5F54E2505E63F007DE315 /* NetworkAPI.swift */,
			);
			path = Network;
			sourceTree = "<group>";
		};
		FEA5F5502505E980007DE315 /* API */ = {
			isa = PBXGroup;
			children = (
				FEA5F5512505E993007DE315 /* CasesAPI.swift */,
			);
			path = API;
			sourceTree = "<group>";
		};
		FEAA3F4C2506067F00B18DD0 /* Summary */ = {
			isa = PBXGroup;
			children = (
				FEAA3F4D250607FB00B18DD0 /* SummaryView.swift */,
				FEAA3F4F2506117600B18DD0 /* SummaryViewModel.swift */,
			);
			path = Summary;
			sourceTree = "<group>";
		};
/* End PBXGroup section */

/* Begin PBXNativeTarget section */
		FEA5F5262505E340007DE315 /* SwiftUI-API */ = {
			isa = PBXNativeTarget;
			buildConfigurationList = FEA5F53B2505E342007DE315 /* Build configuration list for PBXNativeTarget "SwiftUI-API" */;
			buildPhases = (
				FEA5F5232505E340007DE315 /* Sources */,
				FEA5F5242505E340007DE315 /* Frameworks */,
				FEA5F5252505E340007DE315 /* Resources */,
			);
			buildRules = (
			);
			dependencies = (
			);
			name = "SwiftUI-API";
			productName = "SwiftUI-API";
			productReference = FEA5F5272505E340007DE315 /* SwiftUI-API.app */;
			productType = "com.apple.product-type.application";
		};
/* End PBXNativeTarget section */

/* Begin PBXProject section */
		FEA5F51F2505E340007DE315 /* Project object */ = {
			isa = PBXProject;
			attributes = {
				LastSwiftUpdateCheck = 1160;
				LastUpgradeCheck = 1160;
				ORGANIZATIONNAME = "Michael Dean Villanda";
				TargetAttributes = {
					FEA5F5262505E340007DE315 = {
						CreatedOnToolsVersion = 11.6;
					};
				};
			};
			buildConfigurationList = FEA5F5222505E340007DE315 /* Build configuration list for PBXProject "SwiftUI-API" */;
			compatibilityVersion = "Xcode 9.3";
			developmentRegion = en;
			hasScannedForEncodings = 0;
			knownRegions = (
				en,
				Base,
			);
			mainGroup = FEA5F51E2505E340007DE315;
			productRefGroup = FEA5F5282505E340007DE315 /* Products */;
			projectDirPath = "";
			projectRoot = "";
			targets = (
				FEA5F5262505E340007DE315 /* SwiftUI-API */,
			);
		};
/* End PBXProject section */

/* Begin PBXResourcesBuildPhase section */
		FEA5F5252505E340007DE315 /* Resources */ = {
			isa = PBXResourcesBuildPhase;
			buildActionMask = 2147483647;
			files = (
				FEA5F5372505E342007DE315 /* LaunchScreen.storyboard in Resources */,
				FEA5F5342505E342007DE315 /* Preview Assets.xcassets in Resources */,
				FEA5F5312505E342007DE315 /* Assets.xcassets in Resources */,
			);
			runOnlyForDeploymentPostprocessing = 0;
		};
/* End PBXResourcesBuildPhase section */

/* Begin PBXSourcesBuildPhase section */
		FEA5F5232505E340007DE315 /* Sources */ = {
			isa = PBXSourcesBuildPhase;
			buildActionMask = 2147483647;
			files = (
				FEAA3F502506117600B18DD0 /* SummaryViewModel.swift in Sources */,
				FEA5F5402505E3BF007DE315 /* Constants+API.swift in Sources */,
				FEA5F5462505E450007DE315 /* CountryListView.swift in Sources */,
				FEA5F5542505F109007DE315 /* CountryListViewModel.swift in Sources */,
				FEA5F5522505E993007DE315 /* CasesAPI.swift in Sources */,
				FEA5F52B2505E340007DE315 /* AppDelegate.swift in Sources */,
				FEA5F52D2505E340007DE315 /* SceneDelegate.swift in Sources */,
				FEA5F54A2505E513007DE315 /* Country.swift in Sources */,
				FEAA3F4E250607FB00B18DD0 /* SummaryView.swift in Sources */,
				FEA5F52F2505E340007DE315 /* ContentView.swift in Sources */,
				FEAA3F52250632F300B18DD0 /* Summary.swift in Sources */,
				FEA5F54F2505E63F007DE315 /* NetworkAPI.swift in Sources */,
			);
			runOnlyForDeploymentPostprocessing = 0;
		};
/* End PBXSourcesBuildPhase section */

/* Begin PBXVariantGroup section */
		FEA5F5352505E342007DE315 /* LaunchScreen.storyboard */ = {
			isa = PBXVariantGroup;
			children = (
				FEA5F5362505E342007DE315 /* Base */,
			);
			name = LaunchScreen.storyboard;
			sourceTree = "<group>";
		};
/* End PBXVariantGroup section */

/* Begin XCBuildConfiguration section */
		FEA5F5392505E342007DE315 /* Debug */ = {
			isa = XCBuildConfiguration;
			buildSettings = {
				ALWAYS_SEARCH_USER_PATHS = NO;
				CLANG_ANALYZER_NONNULL = YES;
				CLANG_ANALYZER_NUMBER_OBJECT_CONVERSION = YES_AGGRESSIVE;
				CLANG_CXX_LANGUAGE_STANDARD = "gnu++14";
				CLANG_CXX_LIBRARY = "libc++";
				CLANG_ENABLE_MODULES = YES;
				CLANG_ENABLE_OBJC_ARC = YES;
				CLANG_ENABLE_OBJC_WEAK = YES;
				CLANG_WARN_BLOCK_CAPTURE_AUTORELEASING = YES;
				CLANG_WARN_BOOL_CONVERSION = YES;
				CLANG_WARN_COMMA = YES;
				CLANG_WARN_CONSTANT_CONVERSION = YES;
				CLANG_WARN_DEPRECATED_OBJC_IMPLEMENTATIONS = YES;
				CLANG_WARN_DIRECT_OBJC_ISA_USAGE = YES_ERROR;
				CLANG_WARN_DOCUMENTATION_COMMENTS = YES;
				CLANG_WARN_EMPTY_BODY = YES;
				CLANG_WARN_ENUM_CONVERSION = YES;
				CLANG_WARN_INFINITE_RECURSION = YES;
				CLANG_WARN_INT_CONVERSION = YES;
				CLANG_WARN_NON_LITERAL_NULL_CONVERSION = YES;
				CLANG_WARN_OBJC_IMPLICIT_RETAIN_SELF = YES;
				CLANG_WARN_OBJC_LITERAL_CONVERSION = YES;
				CLANG_WARN_OBJC_ROOT_CLASS = YES_ERROR;
				CLANG_WARN_RANGE_LOOP_ANALYSIS = YES;
				CLANG_WARN_STRICT_PROTOTYPES = YES;
				CLANG_WARN_SUSPICIOUS_MOVE = YES;
				CLANG_WARN_UNGUARDED_AVAILABILITY = YES_AGGRESSIVE;
				CLANG_WARN_UNREACHABLE_CODE = YES;
				CLANG_WARN__DUPLICATE_METHOD_MATCH = YES;
				COPY_PHASE_STRIP = NO;
				DEBUG_INFORMATION_FORMAT = dwarf;
				ENABLE_STRICT_OBJC_MSGSEND = YES;
				ENABLE_TESTABILITY = YES;
				GCC_C_LANGUAGE_STANDARD = gnu11;
				GCC_DYNAMIC_NO_PIC = NO;
				GCC_NO_COMMON_BLOCKS = YES;
				GCC_OPTIMIZATION_LEVEL = 0;
				GCC_PREPROCESSOR_DEFINITIONS = (
					"DEBUG=1",
					"$(inherited)",
				);
				GCC_WARN_64_TO_32_BIT_CONVERSION = YES;
				GCC_WARN_ABOUT_RETURN_TYPE = YES_ERROR;
				GCC_WARN_UNDECLARED_SELECTOR = YES;
				GCC_WARN_UNINITIALIZED_AUTOS = YES_AGGRESSIVE;
				GCC_WARN_UNUSED_FUNCTION = YES;
				GCC_WARN_UNUSED_VARIABLE = YES;
				IPHONEOS_DEPLOYMENT_TARGET = 13.6;
				MTL_ENABLE_DEBUG_INFO = INCLUDE_SOURCE;
				MTL_FAST_MATH = YES;
				ONLY_ACTIVE_ARCH = YES;
				SDKROOT = iphoneos;
				SWIFT_ACTIVE_COMPILATION_CONDITIONS = DEBUG;
				SWIFT_OPTIMIZATION_LEVEL = "-Onone";
			};
			name = Debug;
		};
		FEA5F53A2505E342007DE315 /* Release */ = {
			isa = XCBuildConfiguration;
			buildSettings = {
				ALWAYS_SEARCH_USER_PATHS = NO;
				CLANG_ANALYZER_NONNULL = YES;
				CLANG_ANALYZER_NUMBER_OBJECT_CONVERSION = YES_AGGRESSIVE;
				CLANG_CXX_LANGUAGE_STANDARD = "gnu++14";
				CLANG_CXX_LIBRARY = "libc++";
				CLANG_ENABLE_MODULES = YES;
				CLANG_ENABLE_OBJC_ARC = YES;
				CLANG_ENABLE_OBJC_WEAK = YES;
				CLANG_WARN_BLOCK_CAPTURE_AUTORELEASING = YES;
				CLANG_WARN_BOOL_CONVERSION = YES;
				CLANG_WARN_COMMA = YES;
				CLANG_WARN_CONSTANT_CONVERSION = YES;
				CLANG_WARN_DEPRECATED_OBJC_IMPLEMENTATIONS = YES;
				CLANG_WARN_DIRECT_OBJC_ISA_USAGE = YES_ERROR;
				CLANG_WARN_DOCUMENTATION_COMMENTS = YES;
				CLANG_WARN_EMPTY_BODY = YES;
				CLANG_WARN_ENUM_CONVERSION = YES;
				CLANG_WARN_INFINITE_RECURSION = YES;
				CLANG_WARN_INT_CONVERSION = YES;
				CLANG_WARN_NON_LITERAL_NULL_CONVERSION = YES;
				CLANG_WARN_OBJC_IMPLICIT_RETAIN_SELF = YES;
				CLANG_WARN_OBJC_LITERAL_CONVERSION = YES;
				CLANG_WARN_OBJC_ROOT_CLASS = YES_ERROR;
				CLANG_WARN_RANGE_LOOP_ANALYSIS = YES;
				CLANG_WARN_STRICT_PROTOTYPES = YES;
				CLANG_WARN_SUSPICIOUS_MOVE = YES;
				CLANG_WARN_UNGUARDED_AVAILABILITY = YES_AGGRESSIVE;
				CLANG_WARN_UNREACHABLE_CODE = YES;
				CLANG_WARN__DUPLICATE_METHOD_MATCH = YES;
				COPY_PHASE_STRIP = NO;
				DEBUG_INFORMATION_FORMAT = "dwarf-with-dsym";
				ENABLE_NS_ASSERTIONS = NO;
				ENABLE_STRICT_OBJC_MSGSEND = YES;
				GCC_C_LANGUAGE_STANDARD = gnu11;
				GCC_NO_COMMON_BLOCKS = YES;
				GCC_WARN_64_TO_32_BIT_CONVERSION = YES;
				GCC_WARN_ABOUT_RETURN_TYPE = YES_ERROR;
				GCC_WARN_UNDECLARED_SELECTOR = YES;
				GCC_WARN_UNINITIALIZED_AUTOS = YES_AGGRESSIVE;
				GCC_WARN_UNUSED_FUNCTION = YES;
				GCC_WARN_UNUSED_VARIABLE = YES;
				IPHONEOS_DEPLOYMENT_TARGET = 13.6;
				MTL_ENABLE_DEBUG_INFO = NO;
				MTL_FAST_MATH = YES;
				SDKROOT = iphoneos;
				SWIFT_COMPILATION_MODE = wholemodule;
				SWIFT_OPTIMIZATION_LEVEL = "-O";
				VALIDATE_PRODUCT = YES;
			};
			name = Release;
		};
		FEA5F53C2505E342007DE315 /* Debug */ = {
			isa = XCBuildConfiguration;
			buildSettings = {
				ASSETCATALOG_COMPILER_APPICON_NAME = AppIcon;
				CODE_SIGN_STYLE = Automatic;
				DEVELOPMENT_ASSET_PATHS = "\"SwiftUI-API/Preview Content\"";
				DEVELOPMENT_TEAM = 64JSF7KK5B;
				ENABLE_PREVIEWS = YES;
				INFOPLIST_FILE = "SwiftUI-API/Info.plist";
				LD_RUNPATH_SEARCH_PATHS = (
					"$(inherited)",
					"@executable_path/Frameworks",
				);
				PRODUCT_BUNDLE_IDENTIFIER = "com.app.SwiftUI-API";
				PRODUCT_NAME = "$(TARGET_NAME)";
				SWIFT_VERSION = 5.0;
				TARGETED_DEVICE_FAMILY = "1,2";
			};
			name = Debug;
		};
		FEA5F53D2505E342007DE315 /* Release */ = {
			isa = XCBuildConfiguration;
			buildSettings = {
				ASSETCATALOG_COMPILER_APPICON_NAME = AppIcon;
				CODE_SIGN_STYLE = Automatic;
				DEVELOPMENT_ASSET_PATHS = "\"SwiftUI-API/Preview Content\"";
				DEVELOPMENT_TEAM = 64JSF7KK5B;
				ENABLE_PREVIEWS = YES;
				INFOPLIST_FILE = "SwiftUI-API/Info.plist";
				LD_RUNPATH_SEARCH_PATHS = (
					"$(inherited)",
					"@executable_path/Frameworks",
				);
				PRODUCT_BUNDLE_IDENTIFIER = "com.app.SwiftUI-API";
				PRODUCT_NAME = "$(TARGET_NAME)";
				SWIFT_VERSION = 5.0;
				TARGETED_DEVICE_FAMILY = "1,2";
			};
			name = Release;
		};
/* End XCBuildConfiguration section */

/* Begin XCConfigurationList section */
		FEA5F5222505E340007DE315 /* Build configuration list for PBXProject "SwiftUI-API" */ = {
			isa = XCConfigurationList;
			buildConfigurations = (
				FEA5F5392505E342007DE315 /* Debug */,
				FEA5F53A2505E342007DE315 /* Release */,
			);
			defaultConfigurationIsVisible = 0;
			defaultConfigurationName = Release;
		};
		FEA5F53B2505E342007DE315 /* Build configuration list for PBXNativeTarget "SwiftUI-API" */ = {
			isa = XCConfigurationList;
			buildConfigurations = (
				FEA5F53C2505E342007DE315 /* Debug */,
				FEA5F53D2505E342007DE315 /* Release */,
			);
			defaultConfigurationIsVisible = 0;
			defaultConfigurationName = Release;
		};
/* End XCConfigurationList section */
	};
	rootObject = FEA5F51F2505E340007DE315 /* Project object */;
}
